
Microsoft Visual Studio Solution File, Format Version 12.00
# Visual Studio Version 17
VisualStudioVersion = 17.13.35825.156 d17.13
MinimumVisualStudioVersion = 10.0.40219.1
Project("{FAE04EC0-301F-11D3-BF4B-00C04F79EFBC}") = "InnerException", "InnerException.csproj", "{6C1488CC-DD6E-49F5-9C3A-355B25E3BA10}"
EndProject
Project("{2150E333-8FDC-42A3-9474-1A3956D46DE8}") = "Solution Items", "Solution Items", "{8EC462FD-D22E-90A8-E5CE-7E832BA40C5D}"
	ProjectSection(SolutionItems) = preProject
		log2.txt = log2.txt
	EndProjectSection
EndProject
Global
	GlobalSection(SolutionConfigurationPlatforms) = preSolution
		Debug|Any CPU = Debug|Any CPU
		Release|Any CPU = Release|Any CPU
	EndGlobalSection
	GlobalSection(ProjectConfigurationPlatforms) = postSolution
		{6C1488CC-DD6E-49F5-9C3A-355B25E3BA10}.Debug|Any CPU.ActiveCfg = Debug|Any CPU
		{6C1488CC-DD6E-49F5-9C3A-355B25E3BA10}.Debug|Any CPU.Build.0 = Debug|Any CPU
		{6C1488CC-DD6E-49F5-9C3A-355B25E3BA10}.Release|Any CPU.ActiveCfg = Release|Any CPU
		{6C1488CC-DD6E-49F5-9C3A-355B25E3BA10}.Release|Any CPU.Build.0 = Release|Any CPU
	EndGlobalSection
	GlobalSection(SolutionProperties) = preSolution
		HideSolutionNode = FALSE
	EndGlobalSection
	GlobalSection(ExtensibilityGlobals) = postSolution
		SolutionGuid = {A87AF172-81F4-4057-9E59-C2CAC2DFC2A8}
	EndGlobalSection
EndGlobal
