
Microsoft Visual Studio Solution File, Format Version 12.00
# Visual Studio Version 17
VisualStudioVersion = 17.13.35825.156 d17.13
MinimumVisualStudioVersion = 10.0.40219.1
Project("{FAE04EC0-301F-11D3-BF4B-00C04F79EFBC}") = "MultiThreading", "MultiThreading.csproj", "{39170B48-60BC-4408-95F2-5A9D01524D07}"
EndProject
Global
	GlobalSection(SolutionConfigurationPlatforms) = preSolution
		Debug|Any CPU = Debug|Any CPU
		Release|Any CPU = Release|Any CPU
	EndGlobalSection
	GlobalSection(ProjectConfigurationPlatforms) = postSolution
		{39170B48-60BC-4408-95F2-5A9D01524D07}.Debug|Any CPU.ActiveCfg = Debug|Any CPU
		{39170B48-60BC-4408-95F2-5A9D01524D07}.Debug|Any CPU.Build.0 = Debug|Any CPU
		{39170B48-60BC-4408-95F2-5A9D01524D07}.Release|Any CPU.ActiveCfg = Release|Any CPU
		{39170B48-60BC-4408-95F2-5A9D01524D07}.Release|Any CPU.Build.0 = Release|Any CPU
	EndGlobalSection
	GlobalSection(SolutionProperties) = preSolution
		HideSolutionNode = FALSE
	EndGlobalSection
	GlobalSection(ExtensibilityGlobals) = postSolution
		SolutionGuid = {49A9AC83-678E-4109-AA18-980CDEBB6937}
	EndGlobalSection
EndGlobal
