
Microsoft Visual Studio Solution File, Format Version 12.00
# Visual Studio Version 17
VisualStudioVersion = 17.13.35825.156 d17.13
MinimumVisualStudioVersion = 10.0.40219.1
Project("{FAE04EC0-301F-11D3-BF4B-00C04F79EFBC}") = "Strings2", "Strings2.csproj", "{8AE7AD9E-016C-461E-B3A4-38AA2C94C111}"
EndProject
Global
	GlobalSection(SolutionConfigurationPlatforms) = preSolution
		Debug|Any CPU = Debug|Any CPU
		Release|Any CPU = Release|Any CPU
	EndGlobalSection
	GlobalSection(ProjectConfigurationPlatforms) = postSolution
		{8AE7AD9E-016C-461E-B3A4-38AA2C94C111}.Debug|Any CPU.ActiveCfg = Debug|Any CPU
		{8AE7AD9E-016C-461E-B3A4-38AA2C94C111}.Debug|Any CPU.Build.0 = Debug|Any CPU
		{8AE7AD9E-016C-461E-B3A4-38AA2C94C111}.Release|Any CPU.ActiveCfg = Release|Any CPU
		{8AE7AD9E-016C-461E-B3A4-38AA2C94C111}.Release|Any CPU.Build.0 = Release|Any CPU
	EndGlobalSection
	GlobalSection(SolutionProperties) = preSolution
		HideSolutionNode = FALSE
	EndGlobalSection
	GlobalSection(ExtensibilityGlobals) = postSolution
		SolutionGuid = {AA009B86-3DB9-4C3A-BB3D-1054945AA894}
	EndGlobalSection
EndGlobal
