
Microsoft Visual Studio Solution File, Format Version 12.00
# Visual Studio Version 17
VisualStudioVersion = 17.13.35825.156 d17.13
MinimumVisualStudioVersion = 10.0.40219.1
Project("{FAE04EC0-301F-11D3-BF4B-00C04F79EFBC}") = "Exercise3", "Exercise3.csproj", "{9C041BF4-6DBB-49A4-AB02-126D7F8BDF07}"
EndProject
Global
	GlobalSection(SolutionConfigurationPlatforms) = preSolution
		Debug|Any CPU = Debug|Any CPU
		Release|Any CPU = Release|Any CPU
	EndGlobalSection
	GlobalSection(ProjectConfigurationPlatforms) = postSolution
		{9C041BF4-6DBB-49A4-AB02-126D7F8BDF07}.Debug|Any CPU.ActiveCfg = Debug|Any CPU
		{9C041BF4-6DBB-49A4-AB02-126D7F8BDF07}.Debug|Any CPU.Build.0 = Debug|Any CPU
		{9C041BF4-6DBB-49A4-AB02-126D7F8BDF07}.Release|Any CPU.ActiveCfg = Release|Any CPU
		{9C041BF4-6DBB-49A4-AB02-126D7F8BDF07}.Release|Any CPU.Build.0 = Release|Any CPU
	EndGlobalSection
	GlobalSection(SolutionProperties) = preSolution
		HideSolutionNode = FALSE
	EndGlobalSection
	GlobalSection(ExtensibilityGlobals) = postSolution
		SolutionGuid = {49B0D15A-3612-4B95-9EA3-59E6962A493A}
	EndGlobalSection
EndGlobal
