
Microsoft Visual Studio Solution File, Format Version 12.00
# Visual Studio Version 17
VisualStudioVersion = 17.13.35825.156 d17.13
MinimumVisualStudioVersion = 10.0.40219.1
Project("{FAE04EC0-301F-11D3-BF4B-00C04F79EFBC}") = "Methoverride", "Methoverride.csproj", "{6E27CA97-BD9B-4A87-8752-6AA94AA1B065}"
EndProject
Global
	GlobalSection(SolutionConfigurationPlatforms) = preSolution
		Debug|Any CPU = Debug|Any CPU
		Release|Any CPU = Release|Any CPU
	EndGlobalSection
	GlobalSection(ProjectConfigurationPlatforms) = postSolution
		{6E27CA97-BD9B-4A87-8752-6AA94AA1B065}.Debug|Any CPU.ActiveCfg = Debug|Any CPU
		{6E27CA97-BD9B-4A87-8752-6AA94AA1B065}.Debug|Any CPU.Build.0 = Debug|Any CPU
		{6E27CA97-BD9B-4A87-8752-6AA94AA1B065}.Release|Any CPU.ActiveCfg = Release|Any CPU
		{6E27CA97-BD9B-4A87-8752-6AA94AA1B065}.Release|Any CPU.Build.0 = Release|Any CPU
	EndGlobalSection
	GlobalSection(SolutionProperties) = preSolution
		HideSolutionNode = FALSE
	EndGlobalSection
	GlobalSection(ExtensibilityGlobals) = postSolution
		SolutionGuid = {DF126474-1C36-42D4-893E-22162C9B297E}
	EndGlobalSection
EndGlobal
