
Microsoft Visual Studio Solution File, Format Version 12.00
# Visual Studio Version 17
VisualStudioVersion = 17.13.35825.156 d17.13
MinimumVisualStudioVersion = 10.0.40219.1
Project("{FAE04EC0-301F-11D3-BF4B-00C04F79EFBC}") = "ConditionalLoops", "ConditionalLoops.csproj", "{115319DE-70C4-4697-A9AB-6B48BBCA0867}"
EndProject
Global
	GlobalSection(SolutionConfigurationPlatforms) = preSolution
		Debug|Any CPU = Debug|Any CPU
		Release|Any CPU = Release|Any CPU
	EndGlobalSection
	GlobalSection(ProjectConfigurationPlatforms) = postSolution
		{115319DE-70C4-4697-A9AB-6B48BBCA0867}.Debug|Any CPU.ActiveCfg = Debug|Any CPU
		{115319DE-70C4-4697-A9AB-6B48BBCA0867}.Debug|Any CPU.Build.0 = Debug|Any CPU
		{115319DE-70C4-4697-A9AB-6B48BBCA0867}.Release|Any CPU.ActiveCfg = Release|Any CPU
		{115319DE-70C4-4697-A9AB-6B48BBCA0867}.Release|Any CPU.Build.0 = Release|Any CPU
	EndGlobalSection
	GlobalSection(SolutionProperties) = preSolution
		HideSolutionNode = FALSE
	EndGlobalSection
	GlobalSection(ExtensibilityGlobals) = postSolution
		SolutionGuid = {50176284-2B3C-4FBB-A04F-185A745E1B56}
	EndGlobalSection
EndGlobal
